
Microsoft Visual Studio Solution File, Format Version 12.00
# Visual Studio 15
VisualStudioVersion = 15.0.28307.168
MinimumVisualStudioVersion = 10.0.40219.1
Project("{8BC9CEB8-8B4A-11D0-8D11-00A0C91BC942}") = "Videojuego mk2", "Videojuego mk2\Videojuego mk2.vcxproj", "{4093DD12-A4AC-4DED-B0AF-493FE94D0D75}"
EndProject
Global
	GlobalSection(SolutionConfigurationPlatforms) = preSolution
		Debug|x64 = Debug|x64
		Debug|x86 = Debug|x86
		Release|x64 = Release|x64
		Release|x86 = Release|x86
	EndGlobalSection
	GlobalSection(ProjectConfigurationPlatforms) = postSolution
		{4093DD12-A4AC-4DED-B0AF-493FE94D0D75}.Debug|x64.ActiveCfg = Debug|x64
		{4093DD12-A4AC-4DED-B0AF-493FE94D0D75}.Debug|x64.Build.0 = Debug|x64
		{4093DD12-A4AC-4DED-B0AF-493FE94D0D75}.Debug|x86.ActiveCfg = Debug|Win32
		{4093DD12-A4AC-4DED-B0AF-493FE94D0D75}.Debug|x86.Build.0 = Debug|Win32
		{4093DD12-A4AC-4DED-B0AF-493FE94D0D75}.Release|x64.ActiveCfg = Release|x64
		{4093DD12-A4AC-4DED-B0AF-493FE94D0D75}.Release|x64.Build.0 = Release|x64
		{4093DD12-A4AC-4DED-B0AF-493FE94D0D75}.Release|x86.ActiveCfg = Release|Win32
		{4093DD12-A4AC-4DED-B0AF-493FE94D0D75}.Release|x86.Build.0 = Release|Win32
	EndGlobalSection
	GlobalSection(SolutionProperties) = preSolution
		HideSolutionNode = FALSE
	EndGlobalSection
	GlobalSection(ExtensibilityGlobals) = postSolution
		SolutionGuid = {78D65B0F-83CB-46CC-BBDA-8B9F34814AA4}
	EndGlobalSection
EndGlobal
